
Microsoft Visual Studio Solution File, Format Version 12.00
# Visual Studio Version 18
VisualStudioVersion = 18.3.11312.210
MinimumVisualStudioVersion = 10.0.40219.1
Project("{9A19103F-16F7-4668-BE54-9A1E7A4F7556}") = "Maui.PDFView", "Maui.PDFView\Maui.PDFView.csproj", "{007FCEF4-E04D-40D2-904D-41EC1CD4DC61}"
EndProject
Project("{FAE04EC0-301F-11D3-BF4B-00C04F79EFBC}") = "Maui.PDFView.Sample", "Maui.PDFView.Sample\Maui.PDFView.Sample.csproj", "{B5263588-5FF2-44C1-B1B1-1A36642C3F99}"
EndProject
Global
	GlobalSection(SolutionConfigurationPlatforms) = preSolution
		Debug|Any CPU = Debug|Any CPU
		Release|Any CPU = Release|Any CPU
	EndGlobalSection
	GlobalSection(ProjectConfigurationPlatforms) = postSolution
		{007FCEF4-E04D-40D2-904D-41EC1CD4DC61}.Debug|Any CPU.ActiveCfg = Debug|Any CPU
		{007FCEF4-E04D-40D2-904D-41EC1CD4DC61}.Debug|Any CPU.Build.0 = Debug|Any CPU
		{007FCEF4-E04D-40D2-904D-41EC1CD4DC61}.Release|Any CPU.ActiveCfg = Release|Any CPU
		{007FCEF4-E04D-40D2-904D-41EC1CD4DC61}.Release|Any CPU.Build.0 = Release|Any CPU
		{B5263588-5FF2-44C1-B1B1-1A36642C3F99}.Debug|Any CPU.ActiveCfg = Debug|Any CPU
		{B5263588-5FF2-44C1-B1B1-1A36642C3F99}.Debug|Any CPU.Build.0 = Debug|Any CPU
		{B5263588-5FF2-44C1-B1B1-1A36642C3F99}.Debug|Any CPU.Deploy.0 = Debug|Any CPU
		{B5263588-5FF2-44C1-B1B1-1A36642C3F99}.Release|Any CPU.ActiveCfg = Release|Any CPU
		{B5263588-5FF2-44C1-B1B1-1A36642C3F99}.Release|Any CPU.Build.0 = Release|Any CPU
	EndGlobalSection
	GlobalSection(SolutionProperties) = preSolution
		HideSolutionNode = FALSE
	EndGlobalSection
	GlobalSection(ExtensibilityGlobals) = postSolution
		SolutionGuid = {8B8CF720-5BED-4CD1-96BE-B9C7D7F4AF15}
	EndGlobalSection
EndGlobal
